
Microsoft Visual Studio Solution File, Format Version 12.00
# Visual Studio Version 16
VisualStudioVersion = 16.0.30907.101
MinimumVisualStudioVersion = 10.0.40219.1
Project("{9A19103F-16F7-4668-BE54-9A1E7A4F7556}") = "Repositories", "..\Repositories\Repositories.csproj", "{745D099B-A566-45A8-817E-0209588369F7}"
EndProject
Project("{9A19103F-16F7-4668-BE54-9A1E7A4F7556}") = "Classes", "..\Classes\Classes.csproj", "{BB914464-61F2-43B8-8A16-7DD13224ABB3}"
EndProject
Project("{FAE04EC0-301F-11D3-BF4B-00C04F79EFBC}") = "Challenges", "Challenges\Challenges.csproj", "{D8724673-E661-4664-B694-085278FF216A}"
EndProject
Global
	GlobalSection(SolutionConfigurationPlatforms) = preSolution
		Debug|Any CPU = Debug|Any CPU
		Release|Any CPU = Release|Any CPU
	EndGlobalSection
	GlobalSection(ProjectConfigurationPlatforms) = postSolution
		{745D099B-A566-45A8-817E-0209588369F7}.Debug|Any CPU.ActiveCfg = Debug|Any CPU
		{745D099B-A566-45A8-817E-0209588369F7}.Debug|Any CPU.Build.0 = Debug|Any CPU
		{745D099B-A566-45A8-817E-0209588369F7}.Release|Any CPU.ActiveCfg = Release|Any CPU
		{745D099B-A566-45A8-817E-0209588369F7}.Release|Any CPU.Build.0 = Release|Any CPU
		{BB914464-61F2-43B8-8A16-7DD13224ABB3}.Debug|Any CPU.ActiveCfg = Debug|Any CPU
		{BB914464-61F2-43B8-8A16-7DD13224ABB3}.Debug|Any CPU.Build.0 = Debug|Any CPU
		{BB914464-61F2-43B8-8A16-7DD13224ABB3}.Release|Any CPU.ActiveCfg = Release|Any CPU
		{BB914464-61F2-43B8-8A16-7DD13224ABB3}.Release|Any CPU.Build.0 = Release|Any CPU
		{D8724673-E661-4664-B694-085278FF216A}.Debug|Any CPU.ActiveCfg = Debug|Any CPU
		{D8724673-E661-4664-B694-085278FF216A}.Debug|Any CPU.Build.0 = Debug|Any CPU
		{D8724673-E661-4664-B694-085278FF216A}.Release|Any CPU.ActiveCfg = Release|Any CPU
		{D8724673-E661-4664-B694-085278FF216A}.Release|Any CPU.Build.0 = Release|Any CPU
	EndGlobalSection
	GlobalSection(SolutionProperties) = preSolution
		HideSolutionNode = FALSE
	EndGlobalSection
	GlobalSection(ExtensibilityGlobals) = postSolution
		SolutionGuid = {7A2BE74B-39F5-4202-80C4-D9F262DF8CE0}
	EndGlobalSection
EndGlobal
